
Microsoft Visual Studio Solution File, Format Version 12.00
# Visual Studio Version 17
VisualStudioVersion = 17.0.32112.339
MinimumVisualStudioVersion = 10.0.40219.1
Project("{9A19103F-16F7-4668-BE54-9A1E7A4F7556}") = "01.Protobuf_normalUse", "01.Protobuf_Init\01.Protobuf_normalUse.csproj", "{B9FD66AC-459E-4AAF-9D42-5FB9DAF9F3B6}"
EndProject
Project("{9A19103F-16F7-4668-BE54-9A1E7A4F7556}") = "NetProtocol", "CodingKProtocal\NetProtocol.csproj", "{BEE9FF06-C629-45B5-B70D-ED7C037CC167}"
EndProject
Project("{9A19103F-16F7-4668-BE54-9A1E7A4F7556}") = "02.UDPServer", "UDPServer\02.UDPServer.csproj", "{12FC4C62-3369-4440-8AFA-274176E093AC}"
EndProject
Project("{9A19103F-16F7-4668-BE54-9A1E7A4F7556}") = "02.UDPClient", "UDPClient\02.UDPClient.csproj", "{6A13BC91-4624-483D-95C0-616D50233E5A}"
EndProject
Global
	GlobalSection(SolutionConfigurationPlatforms) = preSolution
		Debug|Any CPU = Debug|Any CPU
		Release|Any CPU = Release|Any CPU
	EndGlobalSection
	GlobalSection(ProjectConfigurationPlatforms) = postSolution
		{B9FD66AC-459E-4AAF-9D42-5FB9DAF9F3B6}.Debug|Any CPU.ActiveCfg = Debug|Any CPU
		{B9FD66AC-459E-4AAF-9D42-5FB9DAF9F3B6}.Debug|Any CPU.Build.0 = Debug|Any CPU
		{B9FD66AC-459E-4AAF-9D42-5FB9DAF9F3B6}.Release|Any CPU.ActiveCfg = Release|Any CPU
		{B9FD66AC-459E-4AAF-9D42-5FB9DAF9F3B6}.Release|Any CPU.Build.0 = Release|Any CPU
		{BEE9FF06-C629-45B5-B70D-ED7C037CC167}.Debug|Any CPU.ActiveCfg = Debug|Any CPU
		{BEE9FF06-C629-45B5-B70D-ED7C037CC167}.Debug|Any CPU.Build.0 = Debug|Any CPU
		{BEE9FF06-C629-45B5-B70D-ED7C037CC167}.Release|Any CPU.ActiveCfg = Release|Any CPU
		{BEE9FF06-C629-45B5-B70D-ED7C037CC167}.Release|Any CPU.Build.0 = Release|Any CPU
		{12FC4C62-3369-4440-8AFA-274176E093AC}.Debug|Any CPU.ActiveCfg = Debug|Any CPU
		{12FC4C62-3369-4440-8AFA-274176E093AC}.Debug|Any CPU.Build.0 = Debug|Any CPU
		{12FC4C62-3369-4440-8AFA-274176E093AC}.Release|Any CPU.ActiveCfg = Release|Any CPU
		{12FC4C62-3369-4440-8AFA-274176E093AC}.Release|Any CPU.Build.0 = Release|Any CPU
		{6A13BC91-4624-483D-95C0-616D50233E5A}.Debug|Any CPU.ActiveCfg = Debug|Any CPU
		{6A13BC91-4624-483D-95C0-616D50233E5A}.Debug|Any CPU.Build.0 = Debug|Any CPU
		{6A13BC91-4624-483D-95C0-616D50233E5A}.Release|Any CPU.ActiveCfg = Release|Any CPU
		{6A13BC91-4624-483D-95C0-616D50233E5A}.Release|Any CPU.Build.0 = Release|Any CPU
	EndGlobalSection
	GlobalSection(SolutionProperties) = preSolution
		HideSolutionNode = FALSE
	EndGlobalSection
	GlobalSection(ExtensibilityGlobals) = postSolution
		SolutionGuid = {6B21BE98-6D5C-4523-BDD6-38F6617847B4}
	EndGlobalSection
EndGlobal
