
Microsoft Visual Studio Solution File, Format Version 11.00
# Visual Studio 2010
Project("{FAE04EC0-301F-11D3-BF4B-00C04F79EFBC}") = "Assembly-CSharp", "Assembly-CSharp.csproj", "{c791e184-35c0-04d5-f637-ba2239e265ac}"
EndProject
Global
	GlobalSection(SolutionConfigurationPlatforms) = preSolution
		Debug|Any CPU = Debug|Any CPU
		Release|Any CPU = Release|Any CPU
	EndGlobalSection
	GlobalSection(ProjectConfigurationPlatforms) = postSolution
		{c791e184-35c0-04d5-f637-ba2239e265ac}.Debug|Any CPU.ActiveCfg = Debug|Any CPU
		{c791e184-35c0-04d5-f637-ba2239e265ac}.Debug|Any CPU.Build.0 = Debug|Any CPU
		{c791e184-35c0-04d5-f637-ba2239e265ac}.Release|Any CPU.ActiveCfg = Release|Any CPU
		{c791e184-35c0-04d5-f637-ba2239e265ac}.Release|Any CPU.Build.0 = Release|Any CPU
	EndGlobalSection
	GlobalSection(SolutionProperties) = preSolution
		HideSolutionNode = FALSE
	EndGlobalSection
EndGlobal
